{
	"name": "akashic-simple-character4",
	"version": "0.1.0",
	"lockfileVersion": 1,
	"requires": true,
	"dependencies": {
		"@akashic-extension/akashic-tile": {
			"version": "3.0.1",
			"resolved": "https://registry.npmjs.org/@akashic-extension/akashic-tile/-/akashic-tile-3.0.1.tgz",
			"integrity": "sha512-MA9j9IFFhT9kNtINhl4GiPjCQWYnUF/U6Yb1iXULpIjgq8la4Pr1Ix7NWFJcn2TS7wLJbzFf+fY1hrNk0cgQwA=="
		},
		"@akashic/akashic-engine": {
			"version": "3.2.0",
			"resolved": "https://registry.npmjs.org/@akashic/akashic-engine/-/akashic-engine-3.2.0.tgz",
			"integrity": "sha512-XsGJZaO6wqv1mOxxVkX54qQHsjBmV8EV5zWEOjhekG68x9Wjs5mHJIYaRMIsALEQSl65BYHmJJs+1iKhuM1eIw==",
			"dev": true,
			"requires": {
				"@akashic/game-configuration": "~1.1.0",
				"@akashic/pdi-types": "~1.3.0",
				"@akashic/playlog": "~3.1.0",
				"@akashic/trigger": "~1.0.0"
			}
		},
		"@akashic/amflow": {
			"version": "3.1.0",
			"resolved": "https://registry.npmjs.org/@akashic/amflow/-/amflow-3.1.0.tgz",
			"integrity": "sha512-rruOfUXAQNI8V63dH3BMwZPH5ANKmODWbAohF1LvfrA3UixXDMlV2afLdk8km2wZnD8su3i/JATyWov355lFmQ==",
			"dev": true,
			"requires": {
				"@akashic/playlog": "~3.1.0"
			}
		},
		"@akashic/game-configuration": {
			"version": "1.1.0",
			"resolved": "https://registry.npmjs.org/@akashic/game-configuration/-/game-configuration-1.1.0.tgz",
			"integrity": "sha512-4u92+Xk6JHVxUNsVK0ZC5tf47RR3Eox8WFDVbcU3HdUmaNjmK1mfQqTR2Wv0qTCXxPWyRKuVcmyF8GAtjyjcuQ==",
			"dev": true,
			"requires": {
				"@akashic/pdi-types": "~1.3.0",
				"es6-promise": "^4.2.8"
			}
		},
		"@akashic/pdi-types": {
			"version": "1.3.0",
			"resolved": "https://registry.npmjs.org/@akashic/pdi-types/-/pdi-types-1.3.0.tgz",
			"integrity": "sha512-tLMDArxGDf+VZs2yOUkxpccfjNhe+GOdxpYBHaJifk7Q/iO9uzDHad4kV4yGcEs/0bEyi48WXk9ZleAAG/1Ndw==",
			"dev": true,
			"requires": {
				"@akashic/amflow": "~3.1.0",
				"@akashic/playlog": "~3.1.0",
				"@akashic/trigger": "~1.0.0"
			}
		},
		"@akashic/playlog": {
			"version": "3.1.0",
			"resolved": "https://registry.npmjs.org/@akashic/playlog/-/playlog-3.1.0.tgz",
			"integrity": "sha512-O0gByaFr8Cq7Xc9QVg2MamhxZIssfFXvGSEegyJhUz787xCQ4SK5R0fdN0cUMoPJJBay/6W17scG1G8ndxC24g==",
			"dev": true
		},
		"@akashic/trigger": {
			"version": "1.0.0",
			"resolved": "https://registry.npmjs.org/@akashic/trigger/-/trigger-1.0.0.tgz",
			"integrity": "sha512-BjWM5iVBLTuW/jqiKjCdjNbTTY8uGF6ocBMKxYpyz1sGWmtGNLxS+w1uw83zdxeQfyNXHD+8aRYRh5Wgt+Gafw==",
			"dev": true
		},
		"balanced-match": {
			"version": "1.0.2",
			"resolved": "https://registry.npmjs.org/balanced-match/-/balanced-match-1.0.2.tgz",
			"integrity": "sha512-3oSeUO0TMV67hN1AmbXsK4yaqU7tjiHlbxRDZOpH0KW9+CeX4bRAaX0Anxt0tx2MrpRpWwQaPwIlISEJhYU5Pw==",
			"dev": true
		},
		"brace-expansion": {
			"version": "1.1.11",
			"resolved": "https://registry.npmjs.org/brace-expansion/-/brace-expansion-1.1.11.tgz",
			"integrity": "sha512-iCuPHDFgrHX7H2vEI/5xpz07zSHB00TpugqhmYtVmMO6518mCuRMoOYFldEBl0g187ufozdaHgWKcYFb61qGiA==",
			"dev": true,
			"requires": {
				"balanced-match": "^1.0.0",
				"concat-map": "0.0.1"
			}
		},
		"concat-map": {
			"version": "0.0.1",
			"resolved": "https://registry.npmjs.org/concat-map/-/concat-map-0.0.1.tgz",
			"integrity": "sha1-2Klr13/Wjfd5OnMDajug1UBdR3s=",
			"dev": true
		},
		"es6-promise": {
			"version": "4.2.8",
			"resolved": "https://registry.npmjs.org/es6-promise/-/es6-promise-4.2.8.tgz",
			"integrity": "sha512-HJDGx5daxeIvxdBxvG2cb9g4tEvwIk3i8+nhX0yGrYmZUzbkdg8QbDevheDB8gd0//uPj4c1EQua8Q+MViT0/w==",
			"dev": true,
			"optional": true
		},
		"fs.realpath": {
			"version": "1.0.0",
			"resolved": "https://registry.npmjs.org/fs.realpath/-/fs.realpath-1.0.0.tgz",
			"integrity": "sha1-FQStJSMVjKpA20onh8sBQRmU6k8=",
			"dev": true
		},
		"glob": {
			"version": "7.2.0",
			"resolved": "https://registry.npmjs.org/glob/-/glob-7.2.0.tgz",
			"integrity": "sha512-lmLf6gtyrPq8tTjSmrO94wBeQbFR3HbLHbuyD69wuyQkImp2hWqMGB47OX65FBkPffO641IP9jWa1z4ivqG26Q==",
			"dev": true,
			"requires": {
				"fs.realpath": "^1.0.0",
				"inflight": "^1.0.4",
				"inherits": "2",
				"minimatch": "^3.0.4",
				"once": "^1.3.0",
				"path-is-absolute": "^1.0.0"
			}
		},
		"inflight": {
			"version": "1.0.6",
			"resolved": "https://registry.npmjs.org/inflight/-/inflight-1.0.6.tgz",
			"integrity": "sha1-Sb1jMdfQLQwJvJEKEHW6gWW1bfk=",
			"dev": true,
			"requires": {
				"once": "^1.3.0",
				"wrappy": "1"
			}
		},
		"inherits": {
			"version": "2.0.4",
			"resolved": "https://registry.npmjs.org/inherits/-/inherits-2.0.4.tgz",
			"integrity": "sha512-k/vGaX4/Yla3WzyMCvTQOXYeIHvqOKtnqBduzTHpzpQZzAskKMhZ2K+EnBiSM9zGSoIFeMpXKxa4dYeZIQqewQ==",
			"dev": true
		},
		"minimatch": {
			"version": "3.0.4",
			"resolved": "https://registry.npmjs.org/minimatch/-/minimatch-3.0.4.tgz",
			"integrity": "sha512-yJHVQEhyqPLUTgt9B83PXu6W3rx4MvvHvSUvToogpwoGDOUQ+yDrR0HRot+yOCdCO7u4hX3pWft6kWBBcqh0UA==",
			"dev": true,
			"requires": {
				"brace-expansion": "^1.1.7"
			}
		},
		"once": {
			"version": "1.4.0",
			"resolved": "https://registry.npmjs.org/once/-/once-1.4.0.tgz",
			"integrity": "sha1-WDsap3WWHUsROsF9nFC6753Xa9E=",
			"dev": true,
			"requires": {
				"wrappy": "1"
			}
		},
		"path-is-absolute": {
			"version": "1.0.1",
			"resolved": "https://registry.npmjs.org/path-is-absolute/-/path-is-absolute-1.0.1.tgz",
			"integrity": "sha1-F0uSaHNVNP+8es5r9TpanhtcX18=",
			"dev": true
		},
		"prettier": {
			"version": "2.4.1",
			"resolved": "https://registry.npmjs.org/prettier/-/prettier-2.4.1.tgz",
			"integrity": "sha512-9fbDAXSBcc6Bs1mZrDYb3XKzDLm4EXXL9sC1LqKP5rZkT6KRr/rf9amVUcODVXgguK/isJz0d0hP72WeaKWsvA==",
			"dev": true
		},
		"rimraf": {
			"version": "3.0.2",
			"resolved": "https://registry.npmjs.org/rimraf/-/rimraf-3.0.2.tgz",
			"integrity": "sha512-JZkJMZkAGFFPP2YqXZXPbMlMBgsxzE8ILs4lMIX/2o0L9UBw9O/Y3o6wFw/i9YLapcUJWwqbi3kdxIPdC62TIA==",
			"dev": true,
			"requires": {
				"glob": "^7.1.3"
			}
		},
		"typescript": {
			"version": "4.4.4",
			"resolved": "https://registry.npmjs.org/typescript/-/typescript-4.4.4.tgz",
			"integrity": "sha512-DqGhF5IKoBl8WNf8C1gu8q0xZSInh9j1kJJMqT3a94w1JzVaBU4EXOSMrz9yDqMT0xt3selp83fuFMQ0uzv6qA==",
			"dev": true
		},
		"wrappy": {
			"version": "1.0.2",
			"resolved": "https://registry.npmjs.org/wrappy/-/wrappy-1.0.2.tgz",
			"integrity": "sha1-tSQ9jz7BqjXxNkYFvA0QNuMKtp8=",
			"dev": true
		}
	}
}
